
Microsoft Visual Studio Solution File, Format Version 12.00
# Visual Studio 2013
VisualStudioVersion = 12.0.40629.0
MinimumVisualStudioVersion = 10.0.40219.1
Project("{8BC9CEB8-8B4A-11D0-8D11-00A0C91BC942}") = "GClient", "Client\Client.vcxproj", "{218DB3BC-42FD-4DD9-9C3C-D7D757B73B22}"
EndProject
Project("{8BC9CEB8-8B4A-11D0-8D11-00A0C91BC942}") = "GClientLib", "GClientLib\GClientLib.vcxproj", "{2CDF672D-6C97-466E-97BE-000CC2850CDD}"
EndProject
Global
	GlobalSection(SolutionConfigurationPlatforms) = preSolution
		Debug|Win32 = Debug|Win32
		Debug|x64 = Debug|x64
		Release|Win32 = Release|Win32
		Release|x64 = Release|x64
	EndGlobalSection
	GlobalSection(ProjectConfigurationPlatforms) = postSolution
		{218DB3BC-42FD-4DD9-9C3C-D7D757B73B22}.Debug|Win32.ActiveCfg = Debug|Win32
		{218DB3BC-42FD-4DD9-9C3C-D7D757B73B22}.Debug|Win32.Build.0 = Debug|Win32
		{218DB3BC-42FD-4DD9-9C3C-D7D757B73B22}.Debug|x64.ActiveCfg = Debug|x64
		{218DB3BC-42FD-4DD9-9C3C-D7D757B73B22}.Debug|x64.Build.0 = Debug|x64
		{218DB3BC-42FD-4DD9-9C3C-D7D757B73B22}.Release|Win32.ActiveCfg = Release|Win32
		{218DB3BC-42FD-4DD9-9C3C-D7D757B73B22}.Release|Win32.Build.0 = Release|Win32
		{218DB3BC-42FD-4DD9-9C3C-D7D757B73B22}.Release|Win32.Deploy.0 = Release|Win32
		{218DB3BC-42FD-4DD9-9C3C-D7D757B73B22}.Release|x64.ActiveCfg = Release|x64
		{218DB3BC-42FD-4DD9-9C3C-D7D757B73B22}.Release|x64.Build.0 = Release|x64
		{2CDF672D-6C97-466E-97BE-000CC2850CDD}.Debug|Win32.ActiveCfg = Debug|Win32
		{2CDF672D-6C97-466E-97BE-000CC2850CDD}.Debug|Win32.Build.0 = Debug|Win32
		{2CDF672D-6C97-466E-97BE-000CC2850CDD}.Debug|x64.ActiveCfg = Debug|x64
		{2CDF672D-6C97-466E-97BE-000CC2850CDD}.Debug|x64.Build.0 = Debug|x64
		{2CDF672D-6C97-466E-97BE-000CC2850CDD}.Release|Win32.ActiveCfg = Release|Win32
		{2CDF672D-6C97-466E-97BE-000CC2850CDD}.Release|Win32.Build.0 = Release|Win32
		{2CDF672D-6C97-466E-97BE-000CC2850CDD}.Release|Win32.Deploy.0 = Release|Win32
		{2CDF672D-6C97-466E-97BE-000CC2850CDD}.Release|x64.ActiveCfg = Release|x64
		{2CDF672D-6C97-466E-97BE-000CC2850CDD}.Release|x64.Build.0 = Release|x64
	EndGlobalSection
	GlobalSection(SolutionProperties) = preSolution
		HideSolutionNode = FALSE
	EndGlobalSection
EndGlobal
