<?xml version="1.0" encoding="utf-8"?>
<Project ToolsVersion="4.0" xmlns="http://schemas.microsoft.com/developer/msbuild/2003">
  <ItemGroup>
    <Filter Include="Source Files">
      <UniqueIdentifier>{4FC737F1-C7A5-4376-A066-2A32D752A2FF}</UniqueIdentifier>
      <Extensions>cpp;c;cc;cxx;def;odl;idl;hpj;bat;asm;asmx</Extensions>
    </Filter>
    <Filter Include="Header Files">
      <UniqueIdentifier>{93995380-89BD-4b04-88EB-625FBE52EBFB}</UniqueIdentifier>
      <Extensions>h;hh;hpp;hxx;hm;inl;inc;xsd</Extensions>
    </Filter>
    <Filter Include="Resource Files">
      <UniqueIdentifier>{67DA6AB6-F800-4c08-8B7A-83BB121AAD01}</UniqueIdentifier>
      <Extensions>rc;ico;cur;bmp;dlg;rc2;rct;bin;rgs;gif;jpg;jpeg;jpe;resx;tiff;tif;png;wav;mfcribbon-ms</Extensions>
    </Filter>
    <Filter Include="Header Files\Sujungimai">
      <UniqueIdentifier>{8cc49a28-6f9d-4960-ab5c-7550080ff774}</UniqueIdentifier>
    </Filter>
    <Filter Include="Header Files\Sujungimai\JSON">
      <UniqueIdentifier>{43503e7f-726e-4c29-a6ff-7dd15333a463}</UniqueIdentifier>
    </Filter>
    <Filter Include="Header Files\Sujungimai\Darbiniai">
      <UniqueIdentifier>{28a7030e-67ba-4d52-afe1-5e9ff42f4f75}</UniqueIdentifier>
    </Filter>
    <Filter Include="Source Files\Sujungimai">
      <UniqueIdentifier>{d260c7ff-e103-44bb-8e9c-3380ed540804}</UniqueIdentifier>
    </Filter>
    <Filter Include="Source Files\Sujungimai\JSON">
      <UniqueIdentifier>{4e8f90d6-c144-46b9-9070-0bba5fe58545}</UniqueIdentifier>
    </Filter>
    <Filter Include="Header Files\JSON">
      <UniqueIdentifier>{39b636cf-a0d7-476b-92a3-df3fa38fcd01}</UniqueIdentifier>
    </Filter>
    <Filter Include="Source Files\JSON">
      <UniqueIdentifier>{f526f3f7-46b5-4a84-a503-4904b1f1ad31}</UniqueIdentifier>
    </Filter>
    <Filter Include="Source Files\Sujungimai\Darbiniai">
      <UniqueIdentifier>{4816c7e1-28a7-43af-9b66-2d7367f25fc1}</UniqueIdentifier>
    </Filter>
  </ItemGroup>
  <ItemGroup>
    <Text Include="ReadMe.txt" />
  </ItemGroup>
  <ItemGroup>
    <ClInclude Include="targetver.h">
      <Filter>Header Files</Filter>
    </ClInclude>
    <ClInclude Include="GClientLib.h">
      <Filter>Header Files</Filter>
    </ClInclude>
    <ClInclude Include="Globals.h">
      <Filter>Header Files</Filter>
    </ClInclude>
    <ClInclude Include="resource.h">
      <Filter>Header Files</Filter>
    </ClInclude>
    <ClInclude Include="SettingsReader.h">
      <Filter>Header Files</Filter>
    </ClInclude>
    <ClInclude Include="SocketToObjectContainer.h">
      <Filter>Header Files</Filter>
    </ClInclude>
    <ClInclude Include="SocketToSocketContainer.h">
      <Filter>Header Files</Filter>
    </ClInclude>
    <ClInclude Include="Structures.h">
      <Filter>Header Files</Filter>
    </ClInclude>
    <ClInclude Include="TagGenerator.h">
      <Filter>Header Files</Filter>
    </ClInclude>
    <ClInclude Include="gNetSocket.h">
      <Filter>Header Files\Sujungimai</Filter>
    </ClInclude>
    <ClInclude Include="JSONapiServer.h">
      <Filter>Header Files\Sujungimai\JSON</Filter>
    </ClInclude>
    <ClInclude Include="JSONapiClient.h">
      <Filter>Header Files\Sujungimai\JSON</Filter>
    </ClInclude>
    <ClInclude Include="InboundSocket.h">
      <Filter>Header Files\Sujungimai\Darbiniai</Filter>
    </ClInclude>
    <ClInclude Include="OutboundSocket.h">
      <Filter>Header Files\Sujungimai\Darbiniai</Filter>
    </ClInclude>
    <ClInclude Include="ServerSocket.h">
      <Filter>Header Files\Sujungimai\Darbiniai</Filter>
    </ClInclude>
    <ClInclude Include="ToServerSocket.h">
      <Filter>Header Files\Sujungimai\Darbiniai</Filter>
    </ClInclude>
    <ClInclude Include="JSONapi.h">
      <Filter>Header Files\JSON</Filter>
    </ClInclude>
    <ClInclude Include="TunnelContainer.h">
      <Filter>Header Files</Filter>
    </ClInclude>
  </ItemGroup>
  <ItemGroup>
    <ClCompile Include="AssemblyInfo.cpp">
      <Filter>Source Files</Filter>
    </ClCompile>
    <ClCompile Include="Globals.cpp">
      <Filter>Source Files</Filter>
    </ClCompile>
    <ClCompile Include="SettingsReader.cpp">
      <Filter>Source Files</Filter>
    </ClCompile>
    <ClCompile Include="SocketToObjectContainer.cpp">
      <Filter>Source Files</Filter>
    </ClCompile>
    <ClCompile Include="SocketToSocketContainer.cpp">
      <Filter>Source Files</Filter>
    </ClCompile>
    <ClCompile Include="TagGenerator.cpp">
      <Filter>Source Files</Filter>
    </ClCompile>
    <ClCompile Include="gNetSocket.cpp">
      <Filter>Source Files\Sujungimai</Filter>
    </ClCompile>
    <ClCompile Include="JSONapiClient.cpp">
      <Filter>Source Files\Sujungimai\JSON</Filter>
    </ClCompile>
    <ClCompile Include="JSONapiServer.cpp">
      <Filter>Source Files\Sujungimai\JSON</Filter>
    </ClCompile>
    <ClCompile Include="JSONapi.cpp">
      <Filter>Source Files\JSON</Filter>
    </ClCompile>
    <ClCompile Include="InboundSocket.cpp">
      <Filter>Source Files\Sujungimai\Darbiniai</Filter>
    </ClCompile>
    <ClCompile Include="OutboundSocket.cpp">
      <Filter>Source Files\Sujungimai\Darbiniai</Filter>
    </ClCompile>
    <ClCompile Include="ServerSocket.cpp">
      <Filter>Source Files\Sujungimai\Darbiniai</Filter>
    </ClCompile>
    <ClCompile Include="ToServerSocket.cpp">
      <Filter>Source Files\Sujungimai\Darbiniai</Filter>
    </ClCompile>
    <ClCompile Include="TunnelContainer.cpp">
      <Filter>Source Files</Filter>
    </ClCompile>
  </ItemGroup>
</Project>